{
  "name": "Dys-covery-Web-Build",
  "lockfileVersion": 2,
  "requires": true,
  "packages": {
    "": {
      "dependencies": {
        "nodeJS": "^1.0.0"
      }
    },
    "node_modules/nodeJS": {
      "version": "1.0.0",
      "resolved": "https://registry.npmjs.org/nodeJS/-/nodeJS-1.0.0.tgz",
      "integrity": "sha1-tXGCl/Iyq0YHkaz6L2zRqjzXM/4="
    }
  },
  "dependencies": {
    "nodeJS": {
      "version": "1.0.0",
      "resolved": "https://registry.npmjs.org/nodeJS/-/nodeJS-1.0.0.tgz",
      "integrity": "sha1-tXGCl/Iyq0YHkaz6L2zRqjzXM/4="
    }
  }
}
